
Microsoft Visual Studio Solution File, Format Version 12.00
# Visual Studio Version 17
VisualStudioVersion = 17.9.34616.47
MinimumVisualStudioVersion = 10.0.40219.1
Project("{8BC9CEB8-8B4A-11D0-8D11-00A0C91BC942}") = "memberinitlist1", "memberinitlist1\memberinitlist1.vcxproj", "{C9C8C707-765B-492E-8626-FB4DA5012F45}"
EndProject
Project("{8BC9CEB8-8B4A-11D0-8D11-00A0C91BC942}") = "komposisi", "komposisi\komposisi.vcxproj", "{A94CD552-06C6-44A2-B13C-0E3BB4F35533}"
EndProject
Project("{8BC9CEB8-8B4A-11D0-8D11-00A0C91BC942}") = "agregasi", "agregasi\agregasi.vcxproj", "{9A6A8794-F954-4C9E-BBF4-28DE7F8B2A1C}"
EndProject
Global
	GlobalSection(SolutionConfigurationPlatforms) = preSolution
		Debug|x64 = Debug|x64
		Debug|x86 = Debug|x86
		Release|x64 = Release|x64
		Release|x86 = Release|x86
	EndGlobalSection
	GlobalSection(ProjectConfigurationPlatforms) = postSolution
		{C9C8C707-765B-492E-8626-FB4DA5012F45}.Debug|x64.ActiveCfg = Debug|x64
		{C9C8C707-765B-492E-8626-FB4DA5012F45}.Debug|x64.Build.0 = Debug|x64
		{C9C8C707-765B-492E-8626-FB4DA5012F45}.Debug|x86.ActiveCfg = Debug|Win32
		{C9C8C707-765B-492E-8626-FB4DA5012F45}.Debug|x86.Build.0 = Debug|Win32
		{C9C8C707-765B-492E-8626-FB4DA5012F45}.Release|x64.ActiveCfg = Release|x64
		{C9C8C707-765B-492E-8626-FB4DA5012F45}.Release|x64.Build.0 = Release|x64
		{C9C8C707-765B-492E-8626-FB4DA5012F45}.Release|x86.ActiveCfg = Release|Win32
		{C9C8C707-765B-492E-8626-FB4DA5012F45}.Release|x86.Build.0 = Release|Win32
		{A94CD552-06C6-44A2-B13C-0E3BB4F35533}.Debug|x64.ActiveCfg = Debug|x64
		{A94CD552-06C6-44A2-B13C-0E3BB4F35533}.Debug|x64.Build.0 = Debug|x64
		{A94CD552-06C6-44A2-B13C-0E3BB4F35533}.Debug|x86.ActiveCfg = Debug|Win32
		{A94CD552-06C6-44A2-B13C-0E3BB4F35533}.Debug|x86.Build.0 = Debug|Win32
		{A94CD552-06C6-44A2-B13C-0E3BB4F35533}.Release|x64.ActiveCfg = Release|x64
		{A94CD552-06C6-44A2-B13C-0E3BB4F35533}.Release|x64.Build.0 = Release|x64
		{A94CD552-06C6-44A2-B13C-0E3BB4F35533}.Release|x86.ActiveCfg = Release|Win32
		{A94CD552-06C6-44A2-B13C-0E3BB4F35533}.Release|x86.Build.0 = Release|Win32
		{9A6A8794-F954-4C9E-BBF4-28DE7F8B2A1C}.Debug|x64.ActiveCfg = Debug|x64
		{9A6A8794-F954-4C9E-BBF4-28DE7F8B2A1C}.Debug|x64.Build.0 = Debug|x64
		{9A6A8794-F954-4C9E-BBF4-28DE7F8B2A1C}.Debug|x86.ActiveCfg = Debug|Win32
		{9A6A8794-F954-4C9E-BBF4-28DE7F8B2A1C}.Debug|x86.Build.0 = Debug|Win32
		{9A6A8794-F954-4C9E-BBF4-28DE7F8B2A1C}.Release|x64.ActiveCfg = Release|x64
		{9A6A8794-F954-4C9E-BBF4-28DE7F8B2A1C}.Release|x64.Build.0 = Release|x64
		{9A6A8794-F954-4C9E-BBF4-28DE7F8B2A1C}.Release|x86.ActiveCfg = Release|Win32
		{9A6A8794-F954-4C9E-BBF4-28DE7F8B2A1C}.Release|x86.Build.0 = Release|Win32
	EndGlobalSection
	GlobalSection(SolutionProperties) = preSolution
		HideSolutionNode = FALSE
	EndGlobalSection
	GlobalSection(ExtensibilityGlobals) = postSolution
		SolutionGuid = {9971A834-4518-420D-BEB0-407DB3C8A961}
	EndGlobalSection
EndGlobal
